
Microsoft Visual Studio Solution File, Format Version 12.00
# Visual Studio Version 16
VisualStudioVersion = 16.0.33214.272
MinimumVisualStudioVersion = 10.0.40219.1
Project("{FAE04EC0-301F-11D3-BF4B-00C04F79EFBC}") = "wild_animals", "wild_animals\wild_animals.csproj", "{765F2E2C-0773-4501-ADA7-FD375D0FE22C}"
EndProject
Global
	GlobalSection(SolutionConfigurationPlatforms) = preSolution
		Debug|Any CPU = Debug|Any CPU
		Release|Any CPU = Release|Any CPU
	EndGlobalSection
	GlobalSection(ProjectConfigurationPlatforms) = postSolution
		{765F2E2C-0773-4501-ADA7-FD375D0FE22C}.Debug|Any CPU.ActiveCfg = Debug|Any CPU
		{765F2E2C-0773-4501-ADA7-FD375D0FE22C}.Debug|Any CPU.Build.0 = Debug|Any CPU
		{765F2E2C-0773-4501-ADA7-FD375D0FE22C}.Release|Any CPU.ActiveCfg = Release|Any CPU
		{765F2E2C-0773-4501-ADA7-FD375D0FE22C}.Release|Any CPU.Build.0 = Release|Any CPU
	EndGlobalSection
	GlobalSection(SolutionProperties) = preSolution
		HideSolutionNode = FALSE
	EndGlobalSection
	GlobalSection(ExtensibilityGlobals) = postSolution
		SolutionGuid = {33A8B96A-9713-4848-953E-D86447385EF3}
	EndGlobalSection
EndGlobal
